// !$*UTF8*$!
{
	archiveVersion = 1;
	classes = {
	};
	objectVersion = 52;
	objects = {

/* Begin PBXBuildFile section */
		3315223F25D5786C00C8E46A /* SwiftShell in Frameworks */ = {isa = PBXBuildFile; productRef = 3315223E25D5786C00C8E46A /* SwiftShell */; };
		333631F825EEE6B9009FEB32 /* DynamicColor in Frameworks */ = {isa = PBXBuildFile; productRef = 333631F725EEE6B9009FEB32 /* DynamicColor */; };
		3336EA0827A8484600681E4B /* ExternalBarSettingsView.swift in Sources */ = {isa = PBXBuildFile; fileRef = 3336EA0727A8484600681E4B /* ExternalBarSettingsView.swift */; };
		3336EA0B27A8489300681E4B /* MouseSettingsView.swift in Sources */ = {isa = PBXBuildFile; fileRef = 3336EA0A27A8489300681E4B /* MouseSettingsView.swift */; };
		3336EA0D27A848EF00681E4B /* WindowSettingsView.swift in Sources */ = {isa = PBXBuildFile; fileRef = 3336EA0C27A848EF00681E4B /* WindowSettingsView.swift */; };
		3336EA0F27A8492C00681E4B /* SpaceSettingsView.swift in Sources */ = {isa = PBXBuildFile; fileRef = 3336EA0E27A8492C00681E4B /* SpaceSettingsView.swift */; };
		3336EA1127A85B1300681E4B /* SidebarView.swift in Sources */ = {isa = PBXBuildFile; fileRef = 3336EA1027A85B1300681E4B /* SidebarView.swift */; };
		3380D2FF25D05F4200C10913 /* Main.swift in Sources */ = {isa = PBXBuildFile; fileRef = 3380D2FE25D05F4200C10913 /* Main.swift */; };
		3380D30325D05F4200C10913 /* Assets.xcassets in Resources */ = {isa = PBXBuildFile; fileRef = 3380D30225D05F4200C10913 /* Assets.xcassets */; };
		3380D30625D05F4200C10913 /* Preview Assets.xcassets in Resources */ = {isa = PBXBuildFile; fileRef = 3380D30525D05F4200C10913 /* Preview Assets.xcassets */; };
		3385DF7025D6361200ACDE21 /* AppleScript.swift in Sources */ = {isa = PBXBuildFile; fileRef = 3385DF6F25D6361200ACDE21 /* AppleScript.swift */; };
		338E2DF527A5966C0030BA3D /* ComposableArchitecture in Frameworks */ = {isa = PBXBuildFile; productRef = 338E2DF427A5966C0030BA3D /* ComposableArchitecture */; };
		338E2DF727A596D40030BA3D /* AppState.swift in Sources */ = {isa = PBXBuildFile; fileRef = 338E2DF627A596D40030BA3D /* AppState.swift */; };
		338E2DF927A5975C0030BA3D /* AppView.swift in Sources */ = {isa = PBXBuildFile; fileRef = 338E2DF827A5975C0030BA3D /* AppView.swift */; };
		338E2DFB27A599D60030BA3D /* AppError.swift in Sources */ = {isa = PBXBuildFile; fileRef = 338E2DFA27A599D60030BA3D /* AppError.swift */; };
		338E2DFF27A5A3EE0030BA3D /* AppClient.swift in Sources */ = {isa = PBXBuildFile; fileRef = 338E2DFE27A5A3EE0030BA3D /* AppClient.swift */; };
		338E2E0B27A5B2240030BA3D /* DebugView.swift in Sources */ = {isa = PBXBuildFile; fileRef = 338E2E0A27A5B2240030BA3D /* DebugView.swift */; };
		338E2E1527A5BE810030BA3D /* Config.swift in Sources */ = {isa = PBXBuildFile; fileRef = 338E2E1427A5BE810030BA3D /* Config.swift */; };
		338E2E1727A5C01B0030BA3D /* Config+Output.swift in Sources */ = {isa = PBXBuildFile; fileRef = 338E2E1627A5C01B0030BA3D /* Config+Output.swift */; };
		338E2E1927A5C2CA0030BA3D /* MainView.swift in Sources */ = {isa = PBXBuildFile; fileRef = 338E2E1827A5C2CA0030BA3D /* MainView.swift */; };
		338E2E1D27A5F6C00030BA3D /* URL+Extensions.swift in Sources */ = {isa = PBXBuildFile; fileRef = 338E2E1C27A5F6C00030BA3D /* URL+Extensions.swift */; };
		3398839925DD9929007B9FF5 /* KeyboardShortcuts in Frameworks */ = {isa = PBXBuildFile; productRef = 3398839825DD9929007B9FF5 /* KeyboardShortcuts */; };
/* End PBXBuildFile section */

/* Begin PBXFileReference section */
		3336EA0727A8484600681E4B /* ExternalBarSettingsView.swift */ = {isa = PBXFileReference; lastKnownFileType = sourcecode.swift; path = ExternalBarSettingsView.swift; sourceTree = "<group>"; };
		3336EA0A27A8489300681E4B /* MouseSettingsView.swift */ = {isa = PBXFileReference; lastKnownFileType = sourcecode.swift; path = MouseSettingsView.swift; sourceTree = "<group>"; };
		3336EA0C27A848EF00681E4B /* WindowSettingsView.swift */ = {isa = PBXFileReference; lastKnownFileType = sourcecode.swift; path = WindowSettingsView.swift; sourceTree = "<group>"; };
		3336EA0E27A8492C00681E4B /* SpaceSettingsView.swift */ = {isa = PBXFileReference; lastKnownFileType = sourcecode.swift; path = SpaceSettingsView.swift; sourceTree = "<group>"; };
		3336EA1027A85B1300681E4B /* SidebarView.swift */ = {isa = PBXFileReference; lastKnownFileType = sourcecode.swift; path = SidebarView.swift; sourceTree = "<group>"; };
		3380D2FB25D05F4200C10913 /* Emerald.app */ = {isa = PBXFileReference; explicitFileType = wrapper.application; includeInIndex = 0; path = Emerald.app; sourceTree = BUILT_PRODUCTS_DIR; };
		3380D2FE25D05F4200C10913 /* Main.swift */ = {isa = PBXFileReference; lastKnownFileType = sourcecode.swift; path = Main.swift; sourceTree = "<group>"; };
		3380D30225D05F4200C10913 /* Assets.xcassets */ = {isa = PBXFileReference; lastKnownFileType = folder.assetcatalog; path = Assets.xcassets; sourceTree = "<group>"; };
		3380D30525D05F4200C10913 /* Preview Assets.xcassets */ = {isa = PBXFileReference; lastKnownFileType = folder.assetcatalog; path = "Preview Assets.xcassets"; sourceTree = "<group>"; };
		3380D30725D05F4200C10913 /* Info.plist */ = {isa = PBXFileReference; lastKnownFileType = text.plist.xml; path = Info.plist; sourceTree = "<group>"; };
		3380D30825D05F4200C10913 /* Emerald.entitlements */ = {isa = PBXFileReference; lastKnownFileType = text.plist.entitlements; path = Emerald.entitlements; sourceTree = "<group>"; };
		3385DF6F25D6361200ACDE21 /* AppleScript.swift */ = {isa = PBXFileReference; lastKnownFileType = sourcecode.swift; path = AppleScript.swift; sourceTree = "<group>"; };
		338E2DF627A596D40030BA3D /* AppState.swift */ = {isa = PBXFileReference; lastKnownFileType = sourcecode.swift; path = AppState.swift; sourceTree = "<group>"; };
		338E2DF827A5975C0030BA3D /* AppView.swift */ = {isa = PBXFileReference; lastKnownFileType = sourcecode.swift; path = AppView.swift; sourceTree = "<group>"; };
		338E2DFA27A599D60030BA3D /* AppError.swift */ = {isa = PBXFileReference; lastKnownFileType = sourcecode.swift; path = AppError.swift; sourceTree = "<group>"; };
		338E2DFE27A5A3EE0030BA3D /* AppClient.swift */ = {isa = PBXFileReference; lastKnownFileType = sourcecode.swift; path = AppClient.swift; sourceTree = "<group>"; };
		338E2E0A27A5B2240030BA3D /* DebugView.swift */ = {isa = PBXFileReference; lastKnownFileType = sourcecode.swift; path = DebugView.swift; sourceTree = "<group>"; };
		338E2E1427A5BE810030BA3D /* Config.swift */ = {isa = PBXFileReference; lastKnownFileType = sourcecode.swift; path = Config.swift; sourceTree = "<group>"; };
		338E2E1627A5C01B0030BA3D /* Config+Output.swift */ = {isa = PBXFileReference; lastKnownFileType = sourcecode.swift; path = "Config+Output.swift"; sourceTree = "<group>"; };
		338E2E1827A5C2CA0030BA3D /* MainView.swift */ = {isa = PBXFileReference; lastKnownFileType = sourcecode.swift; path = MainView.swift; sourceTree = "<group>"; };
		338E2E1C27A5F6C00030BA3D /* URL+Extensions.swift */ = {isa = PBXFileReference; lastKnownFileType = sourcecode.swift; path = "URL+Extensions.swift"; sourceTree = "<group>"; };
/* End PBXFileReference section */

/* Begin PBXFrameworksBuildPhase section */
		3380D2F825D05F4200C10913 /* Frameworks */ = {
			isa = PBXFrameworksBuildPhase;
			buildActionMask = 2147483647;
			files = (
				333631F825EEE6B9009FEB32 /* DynamicColor in Frameworks */,
				3315223F25D5786C00C8E46A /* SwiftShell in Frameworks */,
				338E2DF527A5966C0030BA3D /* ComposableArchitecture in Frameworks */,
				3398839925DD9929007B9FF5 /* KeyboardShortcuts in Frameworks */,
			);
			runOnlyForDeploymentPostprocessing = 0;
		};
/* End PBXFrameworksBuildPhase section */

/* Begin PBXGroup section */
		3336EA0927A8487700681E4B /* Views */ = {
			isa = PBXGroup;
			children = (
				3336EA1027A85B1300681E4B /* SidebarView.swift */,
				338E2E1827A5C2CA0030BA3D /* MainView.swift */,
				338E2E0A27A5B2240030BA3D /* DebugView.swift */,
				3336EA0E27A8492C00681E4B /* SpaceSettingsView.swift */,
				3336EA0C27A848EF00681E4B /* WindowSettingsView.swift */,
				3336EA0A27A8489300681E4B /* MouseSettingsView.swift */,
				3336EA0727A8484600681E4B /* ExternalBarSettingsView.swift */,
			);
			path = Views;
			sourceTree = "<group>";
		};
		3380D2F225D05F4100C10913 = {
			isa = PBXGroup;
			children = (
				3380D2FD25D05F4200C10913 /* Emerald */,
				3380D2FC25D05F4200C10913 /* Products */,
			);
			sourceTree = "<group>";
		};
		3380D2FC25D05F4200C10913 /* Products */ = {
			isa = PBXGroup;
			children = (
				3380D2FB25D05F4200C10913 /* Emerald.app */,
			);
			name = Products;
			sourceTree = "<group>";
		};
		3380D2FD25D05F4200C10913 /* Emerald */ = {
			isa = PBXGroup;
			children = (
				3380D2FE25D05F4200C10913 /* Main.swift */,
				338E2E0027A5A6570030BA3D /* App */,
				338E2E1327A5BE760030BA3D /* Yabai */,
				3380D31125D0667100C10913 /* Common */,
				3380D30225D05F4200C10913 /* Assets.xcassets */,
				3380D30725D05F4200C10913 /* Info.plist */,
				3380D30825D05F4200C10913 /* Emerald.entitlements */,
				3380D30425D05F4200C10913 /* Preview Content */,
			);
			path = Emerald;
			sourceTree = "<group>";
		};
		3380D30425D05F4200C10913 /* Preview Content */ = {
			isa = PBXGroup;
			children = (
				3380D30525D05F4200C10913 /* Preview Assets.xcassets */,
			);
			path = "Preview Content";
			sourceTree = "<group>";
		};
		3380D31125D0667100C10913 /* Common */ = {
			isa = PBXGroup;
			children = (
				338E2DFA27A599D60030BA3D /* AppError.swift */,
				3385DF6F25D6361200ACDE21 /* AppleScript.swift */,
				338E2E1C27A5F6C00030BA3D /* URL+Extensions.swift */,
			);
			path = Common;
			sourceTree = "<group>";
		};
		338E2E0027A5A6570030BA3D /* App */ = {
			isa = PBXGroup;
			children = (
				338E2DF627A596D40030BA3D /* AppState.swift */,
				338E2DF827A5975C0030BA3D /* AppView.swift */,
				338E2DFE27A5A3EE0030BA3D /* AppClient.swift */,
			);
			path = App;
			sourceTree = "<group>";
		};
		338E2E1327A5BE760030BA3D /* Yabai */ = {
			isa = PBXGroup;
			children = (
				338E2E1427A5BE810030BA3D /* Config.swift */,
				338E2E1627A5C01B0030BA3D /* Config+Output.swift */,
				3336EA0927A8487700681E4B /* Views */,
			);
			path = Yabai;
			sourceTree = "<group>";
		};
/* End PBXGroup section */

/* Begin PBXNativeTarget section */
		3380D2FA25D05F4200C10913 /* Emerald */ = {
			isa = PBXNativeTarget;
			buildConfigurationList = 3380D30B25D05F4200C10913 /* Build configuration list for PBXNativeTarget "Emerald" */;
			buildPhases = (
				3380D2F725D05F4200C10913 /* Sources */,
				3380D2F825D05F4200C10913 /* Frameworks */,
				3380D2F925D05F4200C10913 /* Resources */,
			);
			buildRules = (
			);
			dependencies = (
			);
			name = Emerald;
			packageProductDependencies = (
				3315223E25D5786C00C8E46A /* SwiftShell */,
				3398839825DD9929007B9FF5 /* KeyboardShortcuts */,
				333631F725EEE6B9009FEB32 /* DynamicColor */,
				338E2DF427A5966C0030BA3D /* ComposableArchitecture */,
			);
			productName = YabaiUI;
			productReference = 3380D2FB25D05F4200C10913 /* Emerald.app */;
			productType = "com.apple.product-type.application";
		};
/* End PBXNativeTarget section */

/* Begin PBXProject section */
		3380D2F325D05F4100C10913 /* Project object */ = {
			isa = PBXProject;
			attributes = {
				LastSwiftUpdateCheck = 1240;
				LastUpgradeCheck = 1240;
				TargetAttributes = {
					3380D2FA25D05F4200C10913 = {
						CreatedOnToolsVersion = 12.4;
					};
				};
			};
			buildConfigurationList = 3380D2F625D05F4100C10913 /* Build configuration list for PBXProject "Emerald" */;
			compatibilityVersion = "Xcode 9.3";
			developmentRegion = en;
			hasScannedForEncodings = 0;
			knownRegions = (
				en,
				Base,
			);
			mainGroup = 3380D2F225D05F4100C10913;
			packageReferences = (
				3315223D25D5786C00C8E46A /* XCRemoteSwiftPackageReference "SwiftShell" */,
				3398839725DD9929007B9FF5 /* XCRemoteSwiftPackageReference "KeyboardShortcuts" */,
				333631F625EEE6B9009FEB32 /* XCRemoteSwiftPackageReference "DynamicColor" */,
				338E2DF327A5966B0030BA3D /* XCRemoteSwiftPackageReference "swift-composable-architecture" */,
			);
			productRefGroup = 3380D2FC25D05F4200C10913 /* Products */;
			projectDirPath = "";
			projectRoot = "";
			targets = (
				3380D2FA25D05F4200C10913 /* Emerald */,
			);
		};
/* End PBXProject section */

/* Begin PBXResourcesBuildPhase section */
		3380D2F925D05F4200C10913 /* Resources */ = {
			isa = PBXResourcesBuildPhase;
			buildActionMask = 2147483647;
			files = (
				3380D30625D05F4200C10913 /* Preview Assets.xcassets in Resources */,
				3380D30325D05F4200C10913 /* Assets.xcassets in Resources */,
			);
			runOnlyForDeploymentPostprocessing = 0;
		};
/* End PBXResourcesBuildPhase section */

/* Begin PBXSourcesBuildPhase section */
		3380D2F725D05F4200C10913 /* Sources */ = {
			isa = PBXSourcesBuildPhase;
			buildActionMask = 2147483647;
			files = (
				338E2E1D27A5F6C00030BA3D /* URL+Extensions.swift in Sources */,
				3336EA1127A85B1300681E4B /* SidebarView.swift in Sources */,
				338E2E1527A5BE810030BA3D /* Config.swift in Sources */,
				338E2E1927A5C2CA0030BA3D /* MainView.swift in Sources */,
				338E2E1727A5C01B0030BA3D /* Config+Output.swift in Sources */,
				338E2DFF27A5A3EE0030BA3D /* AppClient.swift in Sources */,
				3336EA0D27A848EF00681E4B /* WindowSettingsView.swift in Sources */,
				338E2DF727A596D40030BA3D /* AppState.swift in Sources */,
				338E2DF927A5975C0030BA3D /* AppView.swift in Sources */,
				338E2E0B27A5B2240030BA3D /* DebugView.swift in Sources */,
				3336EA0827A8484600681E4B /* ExternalBarSettingsView.swift in Sources */,
				3380D2FF25D05F4200C10913 /* Main.swift in Sources */,
				3385DF7025D6361200ACDE21 /* AppleScript.swift in Sources */,
				3336EA0F27A8492C00681E4B /* SpaceSettingsView.swift in Sources */,
				3336EA0B27A8489300681E4B /* MouseSettingsView.swift in Sources */,
				338E2DFB27A599D60030BA3D /* AppError.swift in Sources */,
			);
			runOnlyForDeploymentPostprocessing = 0;
		};
/* End PBXSourcesBuildPhase section */

/* Begin XCBuildConfiguration section */
		3380D30925D05F4200C10913 /* Debug */ = {
			isa = XCBuildConfiguration;
			buildSettings = {
				ALWAYS_SEARCH_USER_PATHS = NO;
				CLANG_ANALYZER_NONNULL = YES;
				CLANG_ANALYZER_NUMBER_OBJECT_CONVERSION = YES_AGGRESSIVE;
				CLANG_CXX_LANGUAGE_STANDARD = "gnu++14";
				CLANG_CXX_LIBRARY = "libc++";
				CLANG_ENABLE_MODULES = YES;
				CLANG_ENABLE_OBJC_ARC = YES;
				CLANG_ENABLE_OBJC_WEAK = YES;
				CLANG_WARN_BLOCK_CAPTURE_AUTORELEASING = YES;
				CLANG_WARN_BOOL_CONVERSION = YES;
				CLANG_WARN_COMMA = YES;
				CLANG_WARN_CONSTANT_CONVERSION = YES;
				CLANG_WARN_DEPRECATED_OBJC_IMPLEMENTATIONS = YES;
				CLANG_WARN_DIRECT_OBJC_ISA_USAGE = YES_ERROR;
				CLANG_WARN_DOCUMENTATION_COMMENTS = YES;
				CLANG_WARN_EMPTY_BODY = YES;
				CLANG_WARN_ENUM_CONVERSION = YES;
				CLANG_WARN_INFINITE_RECURSION = YES;
				CLANG_WARN_INT_CONVERSION = YES;
				CLANG_WARN_NON_LITERAL_NULL_CONVERSION = YES;
				CLANG_WARN_OBJC_IMPLICIT_RETAIN_SELF = YES;
				CLANG_WARN_OBJC_LITERAL_CONVERSION = YES;
				CLANG_WARN_OBJC_ROOT_CLASS = YES_ERROR;
				CLANG_WARN_QUOTED_INCLUDE_IN_FRAMEWORK_HEADER = YES;
				CLANG_WARN_RANGE_LOOP_ANALYSIS = YES;
				CLANG_WARN_STRICT_PROTOTYPES = YES;
				CLANG_WARN_SUSPICIOUS_MOVE = YES;
				CLANG_WARN_UNGUARDED_AVAILABILITY = YES_AGGRESSIVE;
				CLANG_WARN_UNREACHABLE_CODE = YES;
				CLANG_WARN__DUPLICATE_METHOD_MATCH = YES;
				COPY_PHASE_STRIP = NO;
				DEBUG_INFORMATION_FORMAT = dwarf;
				ENABLE_STRICT_OBJC_MSGSEND = YES;
				ENABLE_TESTABILITY = YES;
				GCC_C_LANGUAGE_STANDARD = gnu11;
				GCC_DYNAMIC_NO_PIC = NO;
				GCC_NO_COMMON_BLOCKS = YES;
				GCC_OPTIMIZATION_LEVEL = 0;
				GCC_PREPROCESSOR_DEFINITIONS = (
					"DEBUG=1",
					"$(inherited)",
				);
				GCC_WARN_64_TO_32_BIT_CONVERSION = YES;
				GCC_WARN_ABOUT_RETURN_TYPE = YES_ERROR;
				GCC_WARN_UNDECLARED_SELECTOR = YES;
				GCC_WARN_UNINITIALIZED_AUTOS = YES_AGGRESSIVE;
				GCC_WARN_UNUSED_FUNCTION = YES;
				GCC_WARN_UNUSED_VARIABLE = YES;
				MACOSX_DEPLOYMENT_TARGET = 12.0;
				MTL_ENABLE_DEBUG_INFO = INCLUDE_SOURCE;
				MTL_FAST_MATH = YES;
				ONLY_ACTIVE_ARCH = YES;
				SDKROOT = macosx;
				SWIFT_ACTIVE_COMPILATION_CONDITIONS = DEBUG;
				SWIFT_OPTIMIZATION_LEVEL = "-Onone";
			};
			name = Debug;
		};
		3380D30A25D05F4200C10913 /* Release */ = {
			isa = XCBuildConfiguration;
			buildSettings = {
				ALWAYS_SEARCH_USER_PATHS = NO;
				CLANG_ANALYZER_NONNULL = YES;
				CLANG_ANALYZER_NUMBER_OBJECT_CONVERSION = YES_AGGRESSIVE;
				CLANG_CXX_LANGUAGE_STANDARD = "gnu++14";
				CLANG_CXX_LIBRARY = "libc++";
				CLANG_ENABLE_MODULES = YES;
				CLANG_ENABLE_OBJC_ARC = YES;
				CLANG_ENABLE_OBJC_WEAK = YES;
				CLANG_WARN_BLOCK_CAPTURE_AUTORELEASING = YES;
				CLANG_WARN_BOOL_CONVERSION = YES;
				CLANG_WARN_COMMA = YES;
				CLANG_WARN_CONSTANT_CONVERSION = YES;
				CLANG_WARN_DEPRECATED_OBJC_IMPLEMENTATIONS = YES;
				CLANG_WARN_DIRECT_OBJC_ISA_USAGE = YES_ERROR;
				CLANG_WARN_DOCUMENTATION_COMMENTS = YES;
				CLANG_WARN_EMPTY_BODY = YES;
				CLANG_WARN_ENUM_CONVERSION = YES;
				CLANG_WARN_INFINITE_RECURSION = YES;
				CLANG_WARN_INT_CONVERSION = YES;
				CLANG_WARN_NON_LITERAL_NULL_CONVERSION = YES;
				CLANG_WARN_OBJC_IMPLICIT_RETAIN_SELF = YES;
				CLANG_WARN_OBJC_LITERAL_CONVERSION = YES;
				CLANG_WARN_OBJC_ROOT_CLASS = YES_ERROR;
				CLANG_WARN_QUOTED_INCLUDE_IN_FRAMEWORK_HEADER = YES;
				CLANG_WARN_RANGE_LOOP_ANALYSIS = YES;
				CLANG_WARN_STRICT_PROTOTYPES = YES;
				CLANG_WARN_SUSPICIOUS_MOVE = YES;
				CLANG_WARN_UNGUARDED_AVAILABILITY = YES_AGGRESSIVE;
				CLANG_WARN_UNREACHABLE_CODE = YES;
				CLANG_WARN__DUPLICATE_METHOD_MATCH = YES;
				COPY_PHASE_STRIP = NO;
				DEBUG_INFORMATION_FORMAT = "dwarf-with-dsym";
				ENABLE_NS_ASSERTIONS = NO;
				ENABLE_STRICT_OBJC_MSGSEND = YES;
				GCC_C_LANGUAGE_STANDARD = gnu11;
				GCC_NO_COMMON_BLOCKS = YES;
				GCC_WARN_64_TO_32_BIT_CONVERSION = YES;
				GCC_WARN_ABOUT_RETURN_TYPE = YES_ERROR;
				GCC_WARN_UNDECLARED_SELECTOR = YES;
				GCC_WARN_UNINITIALIZED_AUTOS = YES_AGGRESSIVE;
				GCC_WARN_UNUSED_FUNCTION = YES;
				GCC_WARN_UNUSED_VARIABLE = YES;
				MACOSX_DEPLOYMENT_TARGET = 12.0;
				MTL_ENABLE_DEBUG_INFO = NO;
				MTL_FAST_MATH = YES;
				SDKROOT = macosx;
				SWIFT_COMPILATION_MODE = wholemodule;
				SWIFT_OPTIMIZATION_LEVEL = "-O";
			};
			name = Release;
		};
		3380D30C25D05F4200C10913 /* Debug */ = {
			isa = XCBuildConfiguration;
			buildSettings = {
				ASSETCATALOG_COMPILER_APPICON_NAME = AppIcon;
				ASSETCATALOG_COMPILER_GLOBAL_ACCENT_COLOR_NAME = AccentColor;
				CODE_SIGN_ENTITLEMENTS = Emerald/Emerald.entitlements;
				CODE_SIGN_IDENTITY = "-";
				CODE_SIGN_STYLE = Automatic;
				COMBINE_HIDPI_IMAGES = YES;
				DEVELOPMENT_ASSET_PATHS = "\"Emerald/Preview Content\"";
				DEVELOPMENT_TEAM = W6LQK45783;
				ENABLE_HARDENED_RUNTIME = YES;
				ENABLE_PREVIEWS = YES;
				INFOPLIST_FILE = Emerald/Info.plist;
				LD_RUNPATH_SEARCH_PATHS = (
					"$(inherited)",
					"@executable_path/../Frameworks",
				);
				MACOSX_DEPLOYMENT_TARGET = 12.0;
				PRODUCT_BUNDLE_IDENTIFIER = com.kswift.Emerald;
				PRODUCT_NAME = "$(TARGET_NAME)";
				SWIFT_VERSION = 5.0;
			};
			name = Debug;
		};
		3380D30D25D05F4200C10913 /* Release */ = {
			isa = XCBuildConfiguration;
			buildSettings = {
				ASSETCATALOG_COMPILER_APPICON_NAME = AppIcon;
				ASSETCATALOG_COMPILER_GLOBAL_ACCENT_COLOR_NAME = AccentColor;
				CODE_SIGN_ENTITLEMENTS = Emerald/Emerald.entitlements;
				CODE_SIGN_IDENTITY = "-";
				CODE_SIGN_STYLE = Automatic;
				COMBINE_HIDPI_IMAGES = YES;
				DEVELOPMENT_ASSET_PATHS = "\"Emerald/Preview Content\"";
				DEVELOPMENT_TEAM = W6LQK45783;
				ENABLE_HARDENED_RUNTIME = YES;
				ENABLE_PREVIEWS = YES;
				INFOPLIST_FILE = Emerald/Info.plist;
				LD_RUNPATH_SEARCH_PATHS = (
					"$(inherited)",
					"@executable_path/../Frameworks",
				);
				MACOSX_DEPLOYMENT_TARGET = 12.0;
				PRODUCT_BUNDLE_IDENTIFIER = com.kswift.Emerald;
				PRODUCT_NAME = "$(TARGET_NAME)";
				SWIFT_VERSION = 5.0;
			};
			name = Release;
		};
/* End XCBuildConfiguration section */

/* Begin XCConfigurationList section */
		3380D2F625D05F4100C10913 /* Build configuration list for PBXProject "Emerald" */ = {
			isa = XCConfigurationList;
			buildConfigurations = (
				3380D30925D05F4200C10913 /* Debug */,
				3380D30A25D05F4200C10913 /* Release */,
			);
			defaultConfigurationIsVisible = 0;
			defaultConfigurationName = Release;
		};
		3380D30B25D05F4200C10913 /* Build configuration list for PBXNativeTarget "Emerald" */ = {
			isa = XCConfigurationList;
			buildConfigurations = (
				3380D30C25D05F4200C10913 /* Debug */,
				3380D30D25D05F4200C10913 /* Release */,
			);
			defaultConfigurationIsVisible = 0;
			defaultConfigurationName = Release;
		};
/* End XCConfigurationList section */

/* Begin XCRemoteSwiftPackageReference section */
		3315223D25D5786C00C8E46A /* XCRemoteSwiftPackageReference "SwiftShell" */ = {
			isa = XCRemoteSwiftPackageReference;
			repositoryURL = "https://github.com/kareman/SwiftShell";
			requirement = {
				kind = upToNextMajorVersion;
				minimumVersion = 5.1.0;
			};
		};
		333631F625EEE6B9009FEB32 /* XCRemoteSwiftPackageReference "DynamicColor" */ = {
			isa = XCRemoteSwiftPackageReference;
			repositoryURL = "https://github.com/yannickl/DynamicColor";
			requirement = {
				kind = upToNextMajorVersion;
				minimumVersion = 5.0.1;
			};
		};
		338E2DF327A5966B0030BA3D /* XCRemoteSwiftPackageReference "swift-composable-architecture" */ = {
			isa = XCRemoteSwiftPackageReference;
			repositoryURL = "https://github.com/pointfreeco/swift-composable-architecture";
			requirement = {
				branch = main;
				kind = branch;
			};
		};
		3398839725DD9929007B9FF5 /* XCRemoteSwiftPackageReference "KeyboardShortcuts" */ = {
			isa = XCRemoteSwiftPackageReference;
			repositoryURL = "https://github.com/sindresorhus/KeyboardShortcuts";
			requirement = {
				kind = upToNextMajorVersion;
				minimumVersion = 0.7.0;
			};
		};
/* End XCRemoteSwiftPackageReference section */

/* Begin XCSwiftPackageProductDependency section */
		3315223E25D5786C00C8E46A /* SwiftShell */ = {
			isa = XCSwiftPackageProductDependency;
			package = 3315223D25D5786C00C8E46A /* XCRemoteSwiftPackageReference "SwiftShell" */;
			productName = SwiftShell;
		};
		333631F725EEE6B9009FEB32 /* DynamicColor */ = {
			isa = XCSwiftPackageProductDependency;
			package = 333631F625EEE6B9009FEB32 /* XCRemoteSwiftPackageReference "DynamicColor" */;
			productName = DynamicColor;
		};
		338E2DF427A5966C0030BA3D /* ComposableArchitecture */ = {
			isa = XCSwiftPackageProductDependency;
			package = 338E2DF327A5966B0030BA3D /* XCRemoteSwiftPackageReference "swift-composable-architecture" */;
			productName = ComposableArchitecture;
		};
		3398839825DD9929007B9FF5 /* KeyboardShortcuts */ = {
			isa = XCSwiftPackageProductDependency;
			package = 3398839725DD9929007B9FF5 /* XCRemoteSwiftPackageReference "KeyboardShortcuts" */;
			productName = KeyboardShortcuts;
		};
/* End XCSwiftPackageProductDependency section */
	};
	rootObject = 3380D2F325D05F4100C10913 /* Project object */;
}
