// !$*UTF8*$!
{
	archiveVersion = 1;
	classes = {
	};
	objectVersion = 52;
	objects = {

/* Begin PBXBuildFile section */
		3315223F25D5786C00C8E46A /* SwiftShell in Frameworks */ = {isa = PBXBuildFile; productRef = 3315223E25D5786C00C8E46A /* SwiftShell */; };
		3325BFD125EFCEC4007831C5 /* OmenTextField in Frameworks */ = {isa = PBXBuildFile; productRef = 3325BFD025EFCEC4007831C5 /* OmenTextField */; };
		3325BFD525F05041007831C5 /* RoundedRectangleButtonStyle.swift in Sources */ = {isa = PBXBuildFile; fileRef = 3325BFD425F05041007831C5 /* RoundedRectangleButtonStyle.swift */; };
		332D567D25DEED5300C88FEE /* AnimationSettings.swift in Sources */ = {isa = PBXBuildFile; fileRef = 332D567C25DEED5300C88FEE /* AnimationSettings.swift */; };
		332D568625DEEF7800C88FEE /* AnimationSettingsView.swift in Sources */ = {isa = PBXBuildFile; fileRef = 332D568525DEEF7800C88FEE /* AnimationSettingsView.swift */; };
		333631F825EEE6B9009FEB32 /* DynamicColor in Frameworks */ = {isa = PBXBuildFile; productRef = 333631F725EEE6B9009FEB32 /* DynamicColor */; };
		333631FB25EEF0CD009FEB32 /* CodableColor.swift in Sources */ = {isa = PBXBuildFile; fileRef = 333631FA25EEF0CD009FEB32 /* CodableColor.swift */; };
		3336320025EEFDE1009FEB32 /* SystemIntegrityProtectionView.swift in Sources */ = {isa = PBXBuildFile; fileRef = 333631FF25EEFDE1009FEB32 /* SystemIntegrityProtectionView.swift */; };
		33387D6525D3F64300E76D29 /* YabaiSettings.swift in Sources */ = {isa = PBXBuildFile; fileRef = 33387D6425D3F64300E76D29 /* YabaiSettings.swift */; };
		3341B01125F06FF300833B56 /* YabaiSettingsConfigFile.swift in Sources */ = {isa = PBXBuildFile; fileRef = 3341B01025F06FF300833B56 /* YabaiSettingsConfigFile.swift */; };
		3341B01425F0700B00833B56 /* SKHDSettingsConfigFile.swift in Sources */ = {isa = PBXBuildFile; fileRef = 3341B01325F0700B00833B56 /* SKHDSettingsConfigFile.swift */; };
		3341B01725F0702C00833B56 /* AnimationSettingsConfigFile.swift in Sources */ = {isa = PBXBuildFile; fileRef = 3341B01625F0702C00833B56 /* AnimationSettingsConfigFile.swift */; };
		3361CDF725D44AEC0086F6A7 /* URL+Extensions.swift in Sources */ = {isa = PBXBuildFile; fileRef = 3361CDF625D44AEC0086F6A7 /* URL+Extensions.swift */; };
		3361CF1125E6EF1300016875 /* SectionView.swift in Sources */ = {isa = PBXBuildFile; fileRef = 3361CF0E25E6EF1300016875 /* SectionView.swift */; };
		3361CF1225E6EF1300016875 /* DebugConfigFileView.swift in Sources */ = {isa = PBXBuildFile; fileRef = 3361CF0F25E6EF1300016875 /* DebugConfigFileView.swift */; };
		3361CF1325E6EF1300016875 /* SpecialTextView.swift in Sources */ = {isa = PBXBuildFile; fileRef = 3361CF1025E6EF1300016875 /* SpecialTextView.swift */; };
		337F3ABE25DEC897009155CA /* SKHDShortcutCharacter.swift in Sources */ = {isa = PBXBuildFile; fileRef = 337F3ABD25DEC897009155CA /* SKHDShortcutCharacter.swift */; };
		3380D2FF25D05F4200C10913 /* EmeraldApp.swift in Sources */ = {isa = PBXBuildFile; fileRef = 3380D2FE25D05F4200C10913 /* EmeraldApp.swift */; };
		3380D30325D05F4200C10913 /* Assets.xcassets in Resources */ = {isa = PBXBuildFile; fileRef = 3380D30225D05F4200C10913 /* Assets.xcassets */; };
		3380D30625D05F4200C10913 /* Preview Assets.xcassets in Resources */ = {isa = PBXBuildFile; fileRef = 3380D30525D05F4200C10913 /* Preview Assets.xcassets */; };
		3380D31C25D06E1500C10913 /* ComposableArchitecture in Frameworks */ = {isa = PBXBuildFile; productRef = 3380D31B25D06E1500C10913 /* ComposableArchitecture */; };
		3380D33725D0723000C10913 /* Root.swift in Sources */ = {isa = PBXBuildFile; fileRef = 3380D33625D0723000C10913 /* Root.swift */; };
		3385DF6725D6270B00ACDE21 /* SidebarView.swift in Sources */ = {isa = PBXBuildFile; fileRef = 3385DF6625D6270B00ACDE21 /* SidebarView.swift */; };
		3385DF6A25D6279200ACDE21 /* AboutView.swift in Sources */ = {isa = PBXBuildFile; fileRef = 3385DF6925D6279200ACDE21 /* AboutView.swift */; };
		3385DF6D25D628BF00ACDE21 /* YabaiSettingsView.swift in Sources */ = {isa = PBXBuildFile; fileRef = 3385DF6C25D628BF00ACDE21 /* YabaiSettingsView.swift */; };
		3385DF7025D6361200ACDE21 /* AppleScript.swift in Sources */ = {isa = PBXBuildFile; fileRef = 3385DF6F25D6361200ACDE21 /* AppleScript.swift */; };
		3398838825DD6A1F007B9FF5 /* DataManager.swift in Sources */ = {isa = PBXBuildFile; fileRef = 3398838725DD6A1F007B9FF5 /* DataManager.swift */; };
		3398838C25DD7A1D007B9FF5 /* SKHDSettings.swift in Sources */ = {isa = PBXBuildFile; fileRef = 3398838B25DD7A1D007B9FF5 /* SKHDSettings.swift */; };
		3398838F25DD7DC3007B9FF5 /* SKHDSettingsView.swift in Sources */ = {isa = PBXBuildFile; fileRef = 3398838E25DD7DC3007B9FF5 /* SKHDSettingsView.swift */; };
		3398839925DD9929007B9FF5 /* KeyboardShortcuts in Frameworks */ = {isa = PBXBuildFile; productRef = 3398839825DD9929007B9FF5 /* KeyboardShortcuts */; };
		339C453125D6ECCA0079ACA1 /* RootView.swift in Sources */ = {isa = PBXBuildFile; fileRef = 339C453025D6ECCA0079ACA1 /* RootView.swift */; };
		339C453525D6ED0F0079ACA1 /* OnboardingView.swift in Sources */ = {isa = PBXBuildFile; fileRef = 339C453425D6ED0F0079ACA1 /* OnboardingView.swift */; };
		33B62D2925D5E31400DD5934 /* Onboarding.swift in Sources */ = {isa = PBXBuildFile; fileRef = 33B62D2825D5E31400DD5934 /* Onboarding.swift */; };
/* End PBXBuildFile section */

/* Begin PBXFileReference section */
		3325BFD425F05041007831C5 /* RoundedRectangleButtonStyle.swift */ = {isa = PBXFileReference; lastKnownFileType = sourcecode.swift; path = RoundedRectangleButtonStyle.swift; sourceTree = "<group>"; };
		332D567C25DEED5300C88FEE /* AnimationSettings.swift */ = {isa = PBXFileReference; lastKnownFileType = sourcecode.swift; path = AnimationSettings.swift; sourceTree = "<group>"; };
		332D568525DEEF7800C88FEE /* AnimationSettingsView.swift */ = {isa = PBXFileReference; lastKnownFileType = sourcecode.swift; path = AnimationSettingsView.swift; sourceTree = "<group>"; };
		333631FA25EEF0CD009FEB32 /* CodableColor.swift */ = {isa = PBXFileReference; lastKnownFileType = sourcecode.swift; path = CodableColor.swift; sourceTree = "<group>"; };
		333631FF25EEFDE1009FEB32 /* SystemIntegrityProtectionView.swift */ = {isa = PBXFileReference; lastKnownFileType = sourcecode.swift; path = SystemIntegrityProtectionView.swift; sourceTree = "<group>"; };
		33387D6425D3F64300E76D29 /* YabaiSettings.swift */ = {isa = PBXFileReference; lastKnownFileType = sourcecode.swift; path = YabaiSettings.swift; sourceTree = "<group>"; };
		3341B01025F06FF300833B56 /* YabaiSettingsConfigFile.swift */ = {isa = PBXFileReference; lastKnownFileType = sourcecode.swift; path = YabaiSettingsConfigFile.swift; sourceTree = "<group>"; };
		3341B01325F0700B00833B56 /* SKHDSettingsConfigFile.swift */ = {isa = PBXFileReference; lastKnownFileType = sourcecode.swift; path = SKHDSettingsConfigFile.swift; sourceTree = "<group>"; };
		3341B01625F0702C00833B56 /* AnimationSettingsConfigFile.swift */ = {isa = PBXFileReference; lastKnownFileType = sourcecode.swift; path = AnimationSettingsConfigFile.swift; sourceTree = "<group>"; };
		3361CDF625D44AEC0086F6A7 /* URL+Extensions.swift */ = {isa = PBXFileReference; lastKnownFileType = sourcecode.swift; path = "URL+Extensions.swift"; sourceTree = "<group>"; };
		3361CF0E25E6EF1300016875 /* SectionView.swift */ = {isa = PBXFileReference; fileEncoding = 4; lastKnownFileType = sourcecode.swift; path = SectionView.swift; sourceTree = "<group>"; };
		3361CF0F25E6EF1300016875 /* DebugConfigFileView.swift */ = {isa = PBXFileReference; fileEncoding = 4; lastKnownFileType = sourcecode.swift; path = DebugConfigFileView.swift; sourceTree = "<group>"; };
		3361CF1025E6EF1300016875 /* SpecialTextView.swift */ = {isa = PBXFileReference; fileEncoding = 4; lastKnownFileType = sourcecode.swift; path = SpecialTextView.swift; sourceTree = "<group>"; };
		337F3ABD25DEC897009155CA /* SKHDShortcutCharacter.swift */ = {isa = PBXFileReference; lastKnownFileType = sourcecode.swift; path = SKHDShortcutCharacter.swift; sourceTree = "<group>"; };
		3380D2FB25D05F4200C10913 /* Emerald.app */ = {isa = PBXFileReference; explicitFileType = wrapper.application; includeInIndex = 0; path = Emerald.app; sourceTree = BUILT_PRODUCTS_DIR; };
		3380D2FE25D05F4200C10913 /* EmeraldApp.swift */ = {isa = PBXFileReference; lastKnownFileType = sourcecode.swift; path = EmeraldApp.swift; sourceTree = "<group>"; };
		3380D30225D05F4200C10913 /* Assets.xcassets */ = {isa = PBXFileReference; lastKnownFileType = folder.assetcatalog; path = Assets.xcassets; sourceTree = "<group>"; };
		3380D30525D05F4200C10913 /* Preview Assets.xcassets */ = {isa = PBXFileReference; lastKnownFileType = folder.assetcatalog; path = "Preview Assets.xcassets"; sourceTree = "<group>"; };
		3380D30725D05F4200C10913 /* Info.plist */ = {isa = PBXFileReference; lastKnownFileType = text.plist.xml; path = Info.plist; sourceTree = "<group>"; };
		3380D30825D05F4200C10913 /* Emerald.entitlements */ = {isa = PBXFileReference; lastKnownFileType = text.plist.entitlements; path = Emerald.entitlements; sourceTree = "<group>"; };
		3380D33625D0723000C10913 /* Root.swift */ = {isa = PBXFileReference; lastKnownFileType = sourcecode.swift; path = Root.swift; sourceTree = "<group>"; };
		3385DF6625D6270B00ACDE21 /* SidebarView.swift */ = {isa = PBXFileReference; lastKnownFileType = sourcecode.swift; path = SidebarView.swift; sourceTree = "<group>"; };
		3385DF6925D6279200ACDE21 /* AboutView.swift */ = {isa = PBXFileReference; lastKnownFileType = sourcecode.swift; path = AboutView.swift; sourceTree = "<group>"; };
		3385DF6C25D628BF00ACDE21 /* YabaiSettingsView.swift */ = {isa = PBXFileReference; lastKnownFileType = sourcecode.swift; path = YabaiSettingsView.swift; sourceTree = "<group>"; };
		3385DF6F25D6361200ACDE21 /* AppleScript.swift */ = {isa = PBXFileReference; lastKnownFileType = sourcecode.swift; path = AppleScript.swift; sourceTree = "<group>"; };
		3398838725DD6A1F007B9FF5 /* DataManager.swift */ = {isa = PBXFileReference; lastKnownFileType = sourcecode.swift; path = DataManager.swift; sourceTree = "<group>"; };
		3398838B25DD7A1D007B9FF5 /* SKHDSettings.swift */ = {isa = PBXFileReference; lastKnownFileType = sourcecode.swift; path = SKHDSettings.swift; sourceTree = "<group>"; };
		3398838E25DD7DC3007B9FF5 /* SKHDSettingsView.swift */ = {isa = PBXFileReference; lastKnownFileType = sourcecode.swift; path = SKHDSettingsView.swift; sourceTree = "<group>"; };
		339C453025D6ECCA0079ACA1 /* RootView.swift */ = {isa = PBXFileReference; lastKnownFileType = sourcecode.swift; path = RootView.swift; sourceTree = "<group>"; };
		339C453425D6ED0F0079ACA1 /* OnboardingView.swift */ = {isa = PBXFileReference; lastKnownFileType = sourcecode.swift; path = OnboardingView.swift; sourceTree = "<group>"; };
		33B62D2825D5E31400DD5934 /* Onboarding.swift */ = {isa = PBXFileReference; lastKnownFileType = sourcecode.swift; path = Onboarding.swift; sourceTree = "<group>"; };
/* End PBXFileReference section */

/* Begin PBXFrameworksBuildPhase section */
		3380D2F825D05F4200C10913 /* Frameworks */ = {
			isa = PBXFrameworksBuildPhase;
			buildActionMask = 2147483647;
			files = (
				333631F825EEE6B9009FEB32 /* DynamicColor in Frameworks */,
				3325BFD125EFCEC4007831C5 /* OmenTextField in Frameworks */,
				3380D31C25D06E1500C10913 /* ComposableArchitecture in Frameworks */,
				3315223F25D5786C00C8E46A /* SwiftShell in Frameworks */,
				3398839925DD9929007B9FF5 /* KeyboardShortcuts in Frameworks */,
			);
			runOnlyForDeploymentPostprocessing = 0;
		};
/* End PBXFrameworksBuildPhase section */

/* Begin PBXGroup section */
		332D567F25DEED5700C88FEE /* Animations */ = {
			isa = PBXGroup;
			children = (
				332D567C25DEED5300C88FEE /* AnimationSettings.swift */,
				332D568525DEEF7800C88FEE /* AnimationSettingsView.swift */,
				3341B01625F0702C00833B56 /* AnimationSettingsConfigFile.swift */,
			);
			path = Animations;
			sourceTree = "<group>";
		};
		3361CF1525E6EF1600016875 /* Views (Misc) */ = {
			isa = PBXGroup;
			children = (
				3361CF0F25E6EF1300016875 /* DebugConfigFileView.swift */,
				3361CF0E25E6EF1300016875 /* SectionView.swift */,
				3361CF1025E6EF1300016875 /* SpecialTextView.swift */,
				333631FF25EEFDE1009FEB32 /* SystemIntegrityProtectionView.swift */,
			);
			path = "Views (Misc)";
			sourceTree = "<group>";
		};
		3380D2F225D05F4100C10913 = {
			isa = PBXGroup;
			children = (
				3380D2FD25D05F4200C10913 /* Emerald */,
				3380D2FC25D05F4200C10913 /* Products */,
			);
			sourceTree = "<group>";
		};
		3380D2FC25D05F4200C10913 /* Products */ = {
			isa = PBXGroup;
			children = (
				3380D2FB25D05F4200C10913 /* Emerald.app */,
			);
			name = Products;
			sourceTree = "<group>";
		};
		3380D2FD25D05F4200C10913 /* Emerald */ = {
			isa = PBXGroup;
			children = (
				3380D2FE25D05F4200C10913 /* EmeraldApp.swift */,
				3380D32425D06EB300C10913 /* TCA Features */,
				3380D31125D0667100C10913 /* Common */,
				3380D30225D05F4200C10913 /* Assets.xcassets */,
				3380D30725D05F4200C10913 /* Info.plist */,
				3380D30825D05F4200C10913 /* Emerald.entitlements */,
				3380D30425D05F4200C10913 /* Preview Content */,
			);
			path = Emerald;
			sourceTree = "<group>";
		};
		3380D30425D05F4200C10913 /* Preview Content */ = {
			isa = PBXGroup;
			children = (
				3380D30525D05F4200C10913 /* Preview Assets.xcassets */,
			);
			path = "Preview Content";
			sourceTree = "<group>";
		};
		3380D31125D0667100C10913 /* Common */ = {
			isa = PBXGroup;
			children = (
				337F3ABD25DEC897009155CA /* SKHDShortcutCharacter.swift */,
				3385DF6F25D6361200ACDE21 /* AppleScript.swift */,
				333631FA25EEF0CD009FEB32 /* CodableColor.swift */,
				3361CDF625D44AEC0086F6A7 /* URL+Extensions.swift */,
			);
			path = Common;
			sourceTree = "<group>";
		};
		3380D32425D06EB300C10913 /* TCA Features */ = {
			isa = PBXGroup;
			children = (
				3361CF1525E6EF1600016875 /* Views (Misc) */,
				33DEDCB725DDBC2F001582DC /* Root */,
				33DEDCB925DDBC51001582DC /* Yabai */,
				33DEDCBA25DDBC67001582DC /* SKHD */,
				332D567F25DEED5700C88FEE /* Animations */,
				33DEDCB825DDBC3D001582DC /* DataManager */,
				339C452D25D6ECA30079ACA1 /* Onboarding */,
			);
			path = "TCA Features";
			sourceTree = "<group>";
		};
		339C452D25D6ECA30079ACA1 /* Onboarding */ = {
			isa = PBXGroup;
			children = (
				33B62D2825D5E31400DD5934 /* Onboarding.swift */,
				339C453425D6ED0F0079ACA1 /* OnboardingView.swift */,
				3325BFD425F05041007831C5 /* RoundedRectangleButtonStyle.swift */,
			);
			path = Onboarding;
			sourceTree = "<group>";
		};
		33DEDCB725DDBC2F001582DC /* Root */ = {
			isa = PBXGroup;
			children = (
				3380D33625D0723000C10913 /* Root.swift */,
				339C453025D6ECCA0079ACA1 /* RootView.swift */,
				3385DF6625D6270B00ACDE21 /* SidebarView.swift */,
			);
			path = Root;
			sourceTree = "<group>";
		};
		33DEDCB825DDBC3D001582DC /* DataManager */ = {
			isa = PBXGroup;
			children = (
				3398838725DD6A1F007B9FF5 /* DataManager.swift */,
				3385DF6925D6279200ACDE21 /* AboutView.swift */,
			);
			path = DataManager;
			sourceTree = "<group>";
		};
		33DEDCB925DDBC51001582DC /* Yabai */ = {
			isa = PBXGroup;
			children = (
				33387D6425D3F64300E76D29 /* YabaiSettings.swift */,
				3385DF6C25D628BF00ACDE21 /* YabaiSettingsView.swift */,
				3341B01025F06FF300833B56 /* YabaiSettingsConfigFile.swift */,
			);
			path = Yabai;
			sourceTree = "<group>";
		};
		33DEDCBA25DDBC67001582DC /* SKHD */ = {
			isa = PBXGroup;
			children = (
				3398838B25DD7A1D007B9FF5 /* SKHDSettings.swift */,
				3398838E25DD7DC3007B9FF5 /* SKHDSettingsView.swift */,
				3341B01325F0700B00833B56 /* SKHDSettingsConfigFile.swift */,
			);
			path = SKHD;
			sourceTree = "<group>";
		};
/* End PBXGroup section */

/* Begin PBXNativeTarget section */
		3380D2FA25D05F4200C10913 /* Emerald */ = {
			isa = PBXNativeTarget;
			buildConfigurationList = 3380D30B25D05F4200C10913 /* Build configuration list for PBXNativeTarget "Emerald" */;
			buildPhases = (
				3380D2F725D05F4200C10913 /* Sources */,
				3380D2F825D05F4200C10913 /* Frameworks */,
				3380D2F925D05F4200C10913 /* Resources */,
			);
			buildRules = (
			);
			dependencies = (
			);
			name = Emerald;
			packageProductDependencies = (
				3380D31B25D06E1500C10913 /* ComposableArchitecture */,
				3315223E25D5786C00C8E46A /* SwiftShell */,
				3398839825DD9929007B9FF5 /* KeyboardShortcuts */,
				333631F725EEE6B9009FEB32 /* DynamicColor */,
				3325BFD025EFCEC4007831C5 /* OmenTextField */,
			);
			productName = YabaiUI;
			productReference = 3380D2FB25D05F4200C10913 /* Emerald.app */;
			productType = "com.apple.product-type.application";
		};
/* End PBXNativeTarget section */

/* Begin PBXProject section */
		3380D2F325D05F4100C10913 /* Project object */ = {
			isa = PBXProject;
			attributes = {
				LastSwiftUpdateCheck = 1240;
				LastUpgradeCheck = 1240;
				TargetAttributes = {
					3380D2FA25D05F4200C10913 = {
						CreatedOnToolsVersion = 12.4;
					};
				};
			};
			buildConfigurationList = 3380D2F625D05F4100C10913 /* Build configuration list for PBXProject "Emerald" */;
			compatibilityVersion = "Xcode 9.3";
			developmentRegion = en;
			hasScannedForEncodings = 0;
			knownRegions = (
				en,
				Base,
			);
			mainGroup = 3380D2F225D05F4100C10913;
			packageReferences = (
				3380D31A25D06E1500C10913 /* XCRemoteSwiftPackageReference "swift-composable-architecture" */,
				3315223D25D5786C00C8E46A /* XCRemoteSwiftPackageReference "SwiftShell" */,
				3398839725DD9929007B9FF5 /* XCRemoteSwiftPackageReference "KeyboardShortcuts" */,
				333631F625EEE6B9009FEB32 /* XCRemoteSwiftPackageReference "DynamicColor" */,
				3325BFCF25EFCEC4007831C5 /* XCRemoteSwiftPackageReference "OmenTextField" */,
			);
			productRefGroup = 3380D2FC25D05F4200C10913 /* Products */;
			projectDirPath = "";
			projectRoot = "";
			targets = (
				3380D2FA25D05F4200C10913 /* Emerald */,
			);
		};
/* End PBXProject section */

/* Begin PBXResourcesBuildPhase section */
		3380D2F925D05F4200C10913 /* Resources */ = {
			isa = PBXResourcesBuildPhase;
			buildActionMask = 2147483647;
			files = (
				3380D30625D05F4200C10913 /* Preview Assets.xcassets in Resources */,
				3380D30325D05F4200C10913 /* Assets.xcassets in Resources */,
			);
			runOnlyForDeploymentPostprocessing = 0;
		};
/* End PBXResourcesBuildPhase section */

/* Begin PBXSourcesBuildPhase section */
		3380D2F725D05F4200C10913 /* Sources */ = {
			isa = PBXSourcesBuildPhase;
			buildActionMask = 2147483647;
			files = (
				3385DF6A25D6279200ACDE21 /* AboutView.swift in Sources */,
				3361CF1325E6EF1300016875 /* SpecialTextView.swift in Sources */,
				3361CDF725D44AEC0086F6A7 /* URL+Extensions.swift in Sources */,
				3361CF1125E6EF1300016875 /* SectionView.swift in Sources */,
				3341B01125F06FF300833B56 /* YabaiSettingsConfigFile.swift in Sources */,
				33B62D2925D5E31400DD5934 /* Onboarding.swift in Sources */,
				3385DF6D25D628BF00ACDE21 /* YabaiSettingsView.swift in Sources */,
				3325BFD525F05041007831C5 /* RoundedRectangleButtonStyle.swift in Sources */,
				3398838825DD6A1F007B9FF5 /* DataManager.swift in Sources */,
				33387D6525D3F64300E76D29 /* YabaiSettings.swift in Sources */,
				3361CF1225E6EF1300016875 /* DebugConfigFileView.swift in Sources */,
				3398838C25DD7A1D007B9FF5 /* SKHDSettings.swift in Sources */,
				3398838F25DD7DC3007B9FF5 /* SKHDSettingsView.swift in Sources */,
				3380D2FF25D05F4200C10913 /* EmeraldApp.swift in Sources */,
				332D568625DEEF7800C88FEE /* AnimationSettingsView.swift in Sources */,
				3380D33725D0723000C10913 /* Root.swift in Sources */,
				3385DF6725D6270B00ACDE21 /* SidebarView.swift in Sources */,
				339C453525D6ED0F0079ACA1 /* OnboardingView.swift in Sources */,
				337F3ABE25DEC897009155CA /* SKHDShortcutCharacter.swift in Sources */,
				3341B01725F0702C00833B56 /* AnimationSettingsConfigFile.swift in Sources */,
				333631FB25EEF0CD009FEB32 /* CodableColor.swift in Sources */,
				3385DF7025D6361200ACDE21 /* AppleScript.swift in Sources */,
				3336320025EEFDE1009FEB32 /* SystemIntegrityProtectionView.swift in Sources */,
				3341B01425F0700B00833B56 /* SKHDSettingsConfigFile.swift in Sources */,
				332D567D25DEED5300C88FEE /* AnimationSettings.swift in Sources */,
				339C453125D6ECCA0079ACA1 /* RootView.swift in Sources */,
			);
			runOnlyForDeploymentPostprocessing = 0;
		};
/* End PBXSourcesBuildPhase section */

/* Begin XCBuildConfiguration section */
		3380D30925D05F4200C10913 /* Debug */ = {
			isa = XCBuildConfiguration;
			buildSettings = {
				ALWAYS_SEARCH_USER_PATHS = NO;
				CLANG_ANALYZER_NONNULL = YES;
				CLANG_ANALYZER_NUMBER_OBJECT_CONVERSION = YES_AGGRESSIVE;
				CLANG_CXX_LANGUAGE_STANDARD = "gnu++14";
				CLANG_CXX_LIBRARY = "libc++";
				CLANG_ENABLE_MODULES = YES;
				CLANG_ENABLE_OBJC_ARC = YES;
				CLANG_ENABLE_OBJC_WEAK = YES;
				CLANG_WARN_BLOCK_CAPTURE_AUTORELEASING = YES;
				CLANG_WARN_BOOL_CONVERSION = YES;
				CLANG_WARN_COMMA = YES;
				CLANG_WARN_CONSTANT_CONVERSION = YES;
				CLANG_WARN_DEPRECATED_OBJC_IMPLEMENTATIONS = YES;
				CLANG_WARN_DIRECT_OBJC_ISA_USAGE = YES_ERROR;
				CLANG_WARN_DOCUMENTATION_COMMENTS = YES;
				CLANG_WARN_EMPTY_BODY = YES;
				CLANG_WARN_ENUM_CONVERSION = YES;
				CLANG_WARN_INFINITE_RECURSION = YES;
				CLANG_WARN_INT_CONVERSION = YES;
				CLANG_WARN_NON_LITERAL_NULL_CONVERSION = YES;
				CLANG_WARN_OBJC_IMPLICIT_RETAIN_SELF = YES;
				CLANG_WARN_OBJC_LITERAL_CONVERSION = YES;
				CLANG_WARN_OBJC_ROOT_CLASS = YES_ERROR;
				CLANG_WARN_QUOTED_INCLUDE_IN_FRAMEWORK_HEADER = YES;
				CLANG_WARN_RANGE_LOOP_ANALYSIS = YES;
				CLANG_WARN_STRICT_PROTOTYPES = YES;
				CLANG_WARN_SUSPICIOUS_MOVE = YES;
				CLANG_WARN_UNGUARDED_AVAILABILITY = YES_AGGRESSIVE;
				CLANG_WARN_UNREACHABLE_CODE = YES;
				CLANG_WARN__DUPLICATE_METHOD_MATCH = YES;
				COPY_PHASE_STRIP = NO;
				DEBUG_INFORMATION_FORMAT = dwarf;
				ENABLE_STRICT_OBJC_MSGSEND = YES;
				ENABLE_TESTABILITY = YES;
				GCC_C_LANGUAGE_STANDARD = gnu11;
				GCC_DYNAMIC_NO_PIC = NO;
				GCC_NO_COMMON_BLOCKS = YES;
				GCC_OPTIMIZATION_LEVEL = 0;
				GCC_PREPROCESSOR_DEFINITIONS = (
					"DEBUG=1",
					"$(inherited)",
				);
				GCC_WARN_64_TO_32_BIT_CONVERSION = YES;
				GCC_WARN_ABOUT_RETURN_TYPE = YES_ERROR;
				GCC_WARN_UNDECLARED_SELECTOR = YES;
				GCC_WARN_UNINITIALIZED_AUTOS = YES_AGGRESSIVE;
				GCC_WARN_UNUSED_FUNCTION = YES;
				GCC_WARN_UNUSED_VARIABLE = YES;
				MACOSX_DEPLOYMENT_TARGET = 11.1;
				MTL_ENABLE_DEBUG_INFO = INCLUDE_SOURCE;
				MTL_FAST_MATH = YES;
				ONLY_ACTIVE_ARCH = YES;
				SDKROOT = macosx;
				SWIFT_ACTIVE_COMPILATION_CONDITIONS = DEBUG;
				SWIFT_OPTIMIZATION_LEVEL = "-Onone";
			};
			name = Debug;
		};
		3380D30A25D05F4200C10913 /* Release */ = {
			isa = XCBuildConfiguration;
			buildSettings = {
				ALWAYS_SEARCH_USER_PATHS = NO;
				CLANG_ANALYZER_NONNULL = YES;
				CLANG_ANALYZER_NUMBER_OBJECT_CONVERSION = YES_AGGRESSIVE;
				CLANG_CXX_LANGUAGE_STANDARD = "gnu++14";
				CLANG_CXX_LIBRARY = "libc++";
				CLANG_ENABLE_MODULES = YES;
				CLANG_ENABLE_OBJC_ARC = YES;
				CLANG_ENABLE_OBJC_WEAK = YES;
				CLANG_WARN_BLOCK_CAPTURE_AUTORELEASING = YES;
				CLANG_WARN_BOOL_CONVERSION = YES;
				CLANG_WARN_COMMA = YES;
				CLANG_WARN_CONSTANT_CONVERSION = YES;
				CLANG_WARN_DEPRECATED_OBJC_IMPLEMENTATIONS = YES;
				CLANG_WARN_DIRECT_OBJC_ISA_USAGE = YES_ERROR;
				CLANG_WARN_DOCUMENTATION_COMMENTS = YES;
				CLANG_WARN_EMPTY_BODY = YES;
				CLANG_WARN_ENUM_CONVERSION = YES;
				CLANG_WARN_INFINITE_RECURSION = YES;
				CLANG_WARN_INT_CONVERSION = YES;
				CLANG_WARN_NON_LITERAL_NULL_CONVERSION = YES;
				CLANG_WARN_OBJC_IMPLICIT_RETAIN_SELF = YES;
				CLANG_WARN_OBJC_LITERAL_CONVERSION = YES;
				CLANG_WARN_OBJC_ROOT_CLASS = YES_ERROR;
				CLANG_WARN_QUOTED_INCLUDE_IN_FRAMEWORK_HEADER = YES;
				CLANG_WARN_RANGE_LOOP_ANALYSIS = YES;
				CLANG_WARN_STRICT_PROTOTYPES = YES;
				CLANG_WARN_SUSPICIOUS_MOVE = YES;
				CLANG_WARN_UNGUARDED_AVAILABILITY = YES_AGGRESSIVE;
				CLANG_WARN_UNREACHABLE_CODE = YES;
				CLANG_WARN__DUPLICATE_METHOD_MATCH = YES;
				COPY_PHASE_STRIP = NO;
				DEBUG_INFORMATION_FORMAT = "dwarf-with-dsym";
				ENABLE_NS_ASSERTIONS = NO;
				ENABLE_STRICT_OBJC_MSGSEND = YES;
				GCC_C_LANGUAGE_STANDARD = gnu11;
				GCC_NO_COMMON_BLOCKS = YES;
				GCC_WARN_64_TO_32_BIT_CONVERSION = YES;
				GCC_WARN_ABOUT_RETURN_TYPE = YES_ERROR;
				GCC_WARN_UNDECLARED_SELECTOR = YES;
				GCC_WARN_UNINITIALIZED_AUTOS = YES_AGGRESSIVE;
				GCC_WARN_UNUSED_FUNCTION = YES;
				GCC_WARN_UNUSED_VARIABLE = YES;
				MACOSX_DEPLOYMENT_TARGET = 11.1;
				MTL_ENABLE_DEBUG_INFO = NO;
				MTL_FAST_MATH = YES;
				SDKROOT = macosx;
				SWIFT_COMPILATION_MODE = wholemodule;
				SWIFT_OPTIMIZATION_LEVEL = "-O";
			};
			name = Release;
		};
		3380D30C25D05F4200C10913 /* Debug */ = {
			isa = XCBuildConfiguration;
			buildSettings = {
				ASSETCATALOG_COMPILER_APPICON_NAME = AppIcon;
				ASSETCATALOG_COMPILER_GLOBAL_ACCENT_COLOR_NAME = AccentColor;
				CODE_SIGN_ENTITLEMENTS = Emerald/Emerald.entitlements;
				CODE_SIGN_IDENTITY = "-";
				CODE_SIGN_STYLE = Automatic;
				COMBINE_HIDPI_IMAGES = YES;
				DEVELOPMENT_ASSET_PATHS = "\"Emerald/Preview Content\"";
				DEVELOPMENT_TEAM = W6LQK45783;
				ENABLE_HARDENED_RUNTIME = YES;
				ENABLE_PREVIEWS = YES;
				INFOPLIST_FILE = Emerald/Info.plist;
				LD_RUNPATH_SEARCH_PATHS = (
					"$(inherited)",
					"@executable_path/../Frameworks",
				);
				MACOSX_DEPLOYMENT_TARGET = 11.0;
				PRODUCT_BUNDLE_IDENTIFIER = com.kswift.Emerald;
				PRODUCT_NAME = "$(TARGET_NAME)";
				SWIFT_VERSION = 5.0;
			};
			name = Debug;
		};
		3380D30D25D05F4200C10913 /* Release */ = {
			isa = XCBuildConfiguration;
			buildSettings = {
				ASSETCATALOG_COMPILER_APPICON_NAME = AppIcon;
				ASSETCATALOG_COMPILER_GLOBAL_ACCENT_COLOR_NAME = AccentColor;
				CODE_SIGN_ENTITLEMENTS = Emerald/Emerald.entitlements;
				CODE_SIGN_IDENTITY = "-";
				CODE_SIGN_STYLE = Automatic;
				COMBINE_HIDPI_IMAGES = YES;
				DEVELOPMENT_ASSET_PATHS = "\"Emerald/Preview Content\"";
				DEVELOPMENT_TEAM = W6LQK45783;
				ENABLE_HARDENED_RUNTIME = YES;
				ENABLE_PREVIEWS = YES;
				INFOPLIST_FILE = Emerald/Info.plist;
				LD_RUNPATH_SEARCH_PATHS = (
					"$(inherited)",
					"@executable_path/../Frameworks",
				);
				MACOSX_DEPLOYMENT_TARGET = 11.0;
				PRODUCT_BUNDLE_IDENTIFIER = com.kswift.Emerald;
				PRODUCT_NAME = "$(TARGET_NAME)";
				SWIFT_VERSION = 5.0;
			};
			name = Release;
		};
/* End XCBuildConfiguration section */

/* Begin XCConfigurationList section */
		3380D2F625D05F4100C10913 /* Build configuration list for PBXProject "Emerald" */ = {
			isa = XCConfigurationList;
			buildConfigurations = (
				3380D30925D05F4200C10913 /* Debug */,
				3380D30A25D05F4200C10913 /* Release */,
			);
			defaultConfigurationIsVisible = 0;
			defaultConfigurationName = Release;
		};
		3380D30B25D05F4200C10913 /* Build configuration list for PBXNativeTarget "Emerald" */ = {
			isa = XCConfigurationList;
			buildConfigurations = (
				3380D30C25D05F4200C10913 /* Debug */,
				3380D30D25D05F4200C10913 /* Release */,
			);
			defaultConfigurationIsVisible = 0;
			defaultConfigurationName = Release;
		};
/* End XCConfigurationList section */

/* Begin XCRemoteSwiftPackageReference section */
		3315223D25D5786C00C8E46A /* XCRemoteSwiftPackageReference "SwiftShell" */ = {
			isa = XCRemoteSwiftPackageReference;
			repositoryURL = "https://github.com/kareman/SwiftShell";
			requirement = {
				kind = upToNextMajorVersion;
				minimumVersion = 5.1.0;
			};
		};
		3325BFCF25EFCEC4007831C5 /* XCRemoteSwiftPackageReference "OmenTextField" */ = {
			isa = XCRemoteSwiftPackageReference;
			repositoryURL = "https://github.com/kitlangton/OmenTextField";
			requirement = {
				kind = upToNextMajorVersion;
				minimumVersion = 0.0.6;
			};
		};
		333631F625EEE6B9009FEB32 /* XCRemoteSwiftPackageReference "DynamicColor" */ = {
			isa = XCRemoteSwiftPackageReference;
			repositoryURL = "https://github.com/yannickl/DynamicColor";
			requirement = {
				kind = upToNextMajorVersion;
				minimumVersion = 5.0.1;
			};
		};
		3380D31A25D06E1500C10913 /* XCRemoteSwiftPackageReference "swift-composable-architecture" */ = {
			isa = XCRemoteSwiftPackageReference;
			repositoryURL = "https://github.com/pointfreeco/swift-composable-architecture";
			requirement = {
				kind = upToNextMajorVersion;
				minimumVersion = 0.14.0;
			};
		};
		3398839725DD9929007B9FF5 /* XCRemoteSwiftPackageReference "KeyboardShortcuts" */ = {
			isa = XCRemoteSwiftPackageReference;
			repositoryURL = "https://github.com/sindresorhus/KeyboardShortcuts";
			requirement = {
				kind = upToNextMajorVersion;
				minimumVersion = 0.7.0;
			};
		};
/* End XCRemoteSwiftPackageReference section */

/* Begin XCSwiftPackageProductDependency section */
		3315223E25D5786C00C8E46A /* SwiftShell */ = {
			isa = XCSwiftPackageProductDependency;
			package = 3315223D25D5786C00C8E46A /* XCRemoteSwiftPackageReference "SwiftShell" */;
			productName = SwiftShell;
		};
		3325BFD025EFCEC4007831C5 /* OmenTextField */ = {
			isa = XCSwiftPackageProductDependency;
			package = 3325BFCF25EFCEC4007831C5 /* XCRemoteSwiftPackageReference "OmenTextField" */;
			productName = OmenTextField;
		};
		333631F725EEE6B9009FEB32 /* DynamicColor */ = {
			isa = XCSwiftPackageProductDependency;
			package = 333631F625EEE6B9009FEB32 /* XCRemoteSwiftPackageReference "DynamicColor" */;
			productName = DynamicColor;
		};
		3380D31B25D06E1500C10913 /* ComposableArchitecture */ = {
			isa = XCSwiftPackageProductDependency;
			package = 3380D31A25D06E1500C10913 /* XCRemoteSwiftPackageReference "swift-composable-architecture" */;
			productName = ComposableArchitecture;
		};
		3398839825DD9929007B9FF5 /* KeyboardShortcuts */ = {
			isa = XCSwiftPackageProductDependency;
			package = 3398839725DD9929007B9FF5 /* XCRemoteSwiftPackageReference "KeyboardShortcuts" */;
			productName = KeyboardShortcuts;
		};
/* End XCSwiftPackageProductDependency section */
	};
	rootObject = 3380D2F325D05F4100C10913 /* Project object */;
}
