// !$*UTF8*$!
{
	archiveVersion = 1;
	classes = {
	};
	objectVersion = 52;
	objects = {

/* Begin PBXBuildFile section */
		3315223F25D5786C00C8E46A /* SwiftShell in Frameworks */ = {isa = PBXBuildFile; productRef = 3315223E25D5786C00C8E46A /* SwiftShell */; };
		3323C69225D7026D00D655DE /* GlobalSettings.swift in Sources */ = {isa = PBXBuildFile; fileRef = 3323C69125D7026D00D655DE /* GlobalSettings.swift */; };
		3323C69525D7173D00D655DE /* GlobalSettingsView.swift in Sources */ = {isa = PBXBuildFile; fileRef = 3323C69425D7173D00D655DE /* GlobalSettingsView.swift */; };
		33387D6525D3F64300E76D29 /* SpaceSettings.swift in Sources */ = {isa = PBXBuildFile; fileRef = 33387D6425D3F64300E76D29 /* SpaceSettings.swift */; };
		335E481125DAAB3800CDE271 /* Settings.swift in Sources */ = {isa = PBXBuildFile; fileRef = 335E481025DAAB3800CDE271 /* Settings.swift */; };
		3361CDF725D44AEC0086F6A7 /* URL+Extensions.swift in Sources */ = {isa = PBXBuildFile; fileRef = 3361CDF625D44AEC0086F6A7 /* URL+Extensions.swift */; };
		3380D2FF25D05F4200C10913 /* YabaiUIApp.swift in Sources */ = {isa = PBXBuildFile; fileRef = 3380D2FE25D05F4200C10913 /* YabaiUIApp.swift */; };
		3380D30325D05F4200C10913 /* Assets.xcassets in Resources */ = {isa = PBXBuildFile; fileRef = 3380D30225D05F4200C10913 /* Assets.xcassets */; };
		3380D30625D05F4200C10913 /* Preview Assets.xcassets in Resources */ = {isa = PBXBuildFile; fileRef = 3380D30525D05F4200C10913 /* Preview Assets.xcassets */; };
		3380D31C25D06E1500C10913 /* ComposableArchitecture in Frameworks */ = {isa = PBXBuildFile; productRef = 3380D31B25D06E1500C10913 /* ComposableArchitecture */; };
		3380D33725D0723000C10913 /* Root.swift in Sources */ = {isa = PBXBuildFile; fileRef = 3380D33625D0723000C10913 /* Root.swift */; };
		3385DF6725D6270B00ACDE21 /* SidebarView.swift in Sources */ = {isa = PBXBuildFile; fileRef = 3385DF6625D6270B00ACDE21 /* SidebarView.swift */; };
		3385DF6A25D6279200ACDE21 /* AboutView.swift in Sources */ = {isa = PBXBuildFile; fileRef = 3385DF6925D6279200ACDE21 /* AboutView.swift */; };
		3385DF6D25D628BF00ACDE21 /* SpaceSettingsView.swift in Sources */ = {isa = PBXBuildFile; fileRef = 3385DF6C25D628BF00ACDE21 /* SpaceSettingsView.swift */; };
		3385DF7025D6361200ACDE21 /* AppleScript.swift in Sources */ = {isa = PBXBuildFile; fileRef = 3385DF6F25D6361200ACDE21 /* AppleScript.swift */; };
		339C453125D6ECCA0079ACA1 /* RootView.swift in Sources */ = {isa = PBXBuildFile; fileRef = 339C453025D6ECCA0079ACA1 /* RootView.swift */; };
		339C453525D6ED0F0079ACA1 /* OnboardingView.swift in Sources */ = {isa = PBXBuildFile; fileRef = 339C453425D6ED0F0079ACA1 /* OnboardingView.swift */; };
		339D779A25DAECAE009F3934 /* Color+Extensions.swift in Sources */ = {isa = PBXBuildFile; fileRef = 339D779925DAECAE009F3934 /* Color+Extensions.swift */; };
		339E3C6425DBF14500F8B9AA /* YabaiCommands.swift in Sources */ = {isa = PBXBuildFile; fileRef = 339E3C6325DBF14500F8B9AA /* YabaiCommands.swift */; };
		33B62D2925D5E31400DD5934 /* Onboarding.swift in Sources */ = {isa = PBXBuildFile; fileRef = 33B62D2825D5E31400DD5934 /* Onboarding.swift */; };
		33E5538D25DAB0D100241787 /* ConfigFileManager.swift in Sources */ = {isa = PBXBuildFile; fileRef = 33E5538C25DAB0D100241787 /* ConfigFileManager.swift */; };
/* End PBXBuildFile section */

/* Begin PBXFileReference section */
		3323C69125D7026D00D655DE /* GlobalSettings.swift */ = {isa = PBXFileReference; lastKnownFileType = sourcecode.swift; path = GlobalSettings.swift; sourceTree = "<group>"; };
		3323C69425D7173D00D655DE /* GlobalSettingsView.swift */ = {isa = PBXFileReference; lastKnownFileType = sourcecode.swift; path = GlobalSettingsView.swift; sourceTree = "<group>"; };
		33387D6425D3F64300E76D29 /* SpaceSettings.swift */ = {isa = PBXFileReference; lastKnownFileType = sourcecode.swift; path = SpaceSettings.swift; sourceTree = "<group>"; };
		335E481025DAAB3800CDE271 /* Settings.swift */ = {isa = PBXFileReference; lastKnownFileType = sourcecode.swift; path = Settings.swift; sourceTree = "<group>"; };
		3361CDF625D44AEC0086F6A7 /* URL+Extensions.swift */ = {isa = PBXFileReference; lastKnownFileType = sourcecode.swift; path = "URL+Extensions.swift"; sourceTree = "<group>"; };
		3380D2FB25D05F4200C10913 /* YabaiUI.app */ = {isa = PBXFileReference; explicitFileType = wrapper.application; includeInIndex = 0; path = YabaiUI.app; sourceTree = BUILT_PRODUCTS_DIR; };
		3380D2FE25D05F4200C10913 /* YabaiUIApp.swift */ = {isa = PBXFileReference; lastKnownFileType = sourcecode.swift; path = YabaiUIApp.swift; sourceTree = "<group>"; };
		3380D30225D05F4200C10913 /* Assets.xcassets */ = {isa = PBXFileReference; lastKnownFileType = folder.assetcatalog; path = Assets.xcassets; sourceTree = "<group>"; };
		3380D30525D05F4200C10913 /* Preview Assets.xcassets */ = {isa = PBXFileReference; lastKnownFileType = folder.assetcatalog; path = "Preview Assets.xcassets"; sourceTree = "<group>"; };
		3380D30725D05F4200C10913 /* Info.plist */ = {isa = PBXFileReference; lastKnownFileType = text.plist.xml; path = Info.plist; sourceTree = "<group>"; };
		3380D30825D05F4200C10913 /* YabaiUI.entitlements */ = {isa = PBXFileReference; lastKnownFileType = text.plist.entitlements; path = YabaiUI.entitlements; sourceTree = "<group>"; };
		3380D33625D0723000C10913 /* Root.swift */ = {isa = PBXFileReference; lastKnownFileType = sourcecode.swift; path = Root.swift; sourceTree = "<group>"; };
		3385DF6625D6270B00ACDE21 /* SidebarView.swift */ = {isa = PBXFileReference; lastKnownFileType = sourcecode.swift; path = SidebarView.swift; sourceTree = "<group>"; };
		3385DF6925D6279200ACDE21 /* AboutView.swift */ = {isa = PBXFileReference; lastKnownFileType = sourcecode.swift; path = AboutView.swift; sourceTree = "<group>"; };
		3385DF6C25D628BF00ACDE21 /* SpaceSettingsView.swift */ = {isa = PBXFileReference; lastKnownFileType = sourcecode.swift; path = SpaceSettingsView.swift; sourceTree = "<group>"; };
		3385DF6F25D6361200ACDE21 /* AppleScript.swift */ = {isa = PBXFileReference; lastKnownFileType = sourcecode.swift; path = AppleScript.swift; sourceTree = "<group>"; };
		339C453025D6ECCA0079ACA1 /* RootView.swift */ = {isa = PBXFileReference; lastKnownFileType = sourcecode.swift; path = RootView.swift; sourceTree = "<group>"; };
		339C453425D6ED0F0079ACA1 /* OnboardingView.swift */ = {isa = PBXFileReference; lastKnownFileType = sourcecode.swift; path = OnboardingView.swift; sourceTree = "<group>"; };
		339D779925DAECAE009F3934 /* Color+Extensions.swift */ = {isa = PBXFileReference; lastKnownFileType = sourcecode.swift; path = "Color+Extensions.swift"; sourceTree = "<group>"; };
		339E3C6325DBF14500F8B9AA /* YabaiCommands.swift */ = {isa = PBXFileReference; lastKnownFileType = sourcecode.swift; path = YabaiCommands.swift; sourceTree = "<group>"; };
		33B62D2825D5E31400DD5934 /* Onboarding.swift */ = {isa = PBXFileReference; lastKnownFileType = sourcecode.swift; path = Onboarding.swift; sourceTree = "<group>"; };
		33E5538C25DAB0D100241787 /* ConfigFileManager.swift */ = {isa = PBXFileReference; lastKnownFileType = sourcecode.swift; path = ConfigFileManager.swift; sourceTree = "<group>"; };
/* End PBXFileReference section */

/* Begin PBXFrameworksBuildPhase section */
		3380D2F825D05F4200C10913 /* Frameworks */ = {
			isa = PBXFrameworksBuildPhase;
			buildActionMask = 2147483647;
			files = (
				3380D31C25D06E1500C10913 /* ComposableArchitecture in Frameworks */,
				3315223F25D5786C00C8E46A /* SwiftShell in Frameworks */,
			);
			runOnlyForDeploymentPostprocessing = 0;
		};
/* End PBXFrameworksBuildPhase section */

/* Begin PBXGroup section */
		3380D2F225D05F4100C10913 = {
			isa = PBXGroup;
			children = (
				3380D2FD25D05F4200C10913 /* YabaiUI */,
				3380D2FC25D05F4200C10913 /* Products */,
			);
			sourceTree = "<group>";
		};
		3380D2FC25D05F4200C10913 /* Products */ = {
			isa = PBXGroup;
			children = (
				3380D2FB25D05F4200C10913 /* YabaiUI.app */,
			);
			name = Products;
			sourceTree = "<group>";
		};
		3380D2FD25D05F4200C10913 /* YabaiUI */ = {
			isa = PBXGroup;
			children = (
				3380D2FE25D05F4200C10913 /* YabaiUIApp.swift */,
				3380D32425D06EB300C10913 /* State */,
				3380D31125D0667100C10913 /* Common */,
				3380D30225D05F4200C10913 /* Assets.xcassets */,
				3380D30725D05F4200C10913 /* Info.plist */,
				3380D30825D05F4200C10913 /* YabaiUI.entitlements */,
				3380D30425D05F4200C10913 /* Preview Content */,
			);
			path = YabaiUI;
			sourceTree = "<group>";
		};
		3380D30425D05F4200C10913 /* Preview Content */ = {
			isa = PBXGroup;
			children = (
				3380D30525D05F4200C10913 /* Preview Assets.xcassets */,
			);
			path = "Preview Content";
			sourceTree = "<group>";
		};
		3380D31125D0667100C10913 /* Common */ = {
			isa = PBXGroup;
			children = (
				3385DF6F25D6361200ACDE21 /* AppleScript.swift */,
				3361CDF625D44AEC0086F6A7 /* URL+Extensions.swift */,
				339D779925DAECAE009F3934 /* Color+Extensions.swift */,
			);
			path = Common;
			sourceTree = "<group>";
		};
		3380D32425D06EB300C10913 /* State */ = {
			isa = PBXGroup;
			children = (
				339C452D25D6ECA30079ACA1 /* State */,
				339C452E25D6ECAA0079ACA1 /* View */,
			);
			path = State;
			sourceTree = "<group>";
		};
		339C452D25D6ECA30079ACA1 /* State */ = {
			isa = PBXGroup;
			children = (
				3380D33625D0723000C10913 /* Root.swift */,
				335E481025DAAB3800CDE271 /* Settings.swift */,
				33B62D2825D5E31400DD5934 /* Onboarding.swift */,
				33E5538C25DAB0D100241787 /* ConfigFileManager.swift */,
				33387D6425D3F64300E76D29 /* SpaceSettings.swift */,
				3323C69125D7026D00D655DE /* GlobalSettings.swift */,
			);
			path = State;
			sourceTree = "<group>";
		};
		339C452E25D6ECAA0079ACA1 /* View */ = {
			isa = PBXGroup;
			children = (
				339C453025D6ECCA0079ACA1 /* RootView.swift */,
				339E3C6325DBF14500F8B9AA /* YabaiCommands.swift */,
				3385DF6625D6270B00ACDE21 /* SidebarView.swift */,
				3385DF6925D6279200ACDE21 /* AboutView.swift */,
				339C453425D6ED0F0079ACA1 /* OnboardingView.swift */,
				3385DF6C25D628BF00ACDE21 /* SpaceSettingsView.swift */,
				3323C69425D7173D00D655DE /* GlobalSettingsView.swift */,
			);
			path = View;
			sourceTree = "<group>";
		};
/* End PBXGroup section */

/* Begin PBXNativeTarget section */
		3380D2FA25D05F4200C10913 /* YabaiUI */ = {
			isa = PBXNativeTarget;
			buildConfigurationList = 3380D30B25D05F4200C10913 /* Build configuration list for PBXNativeTarget "YabaiUI" */;
			buildPhases = (
				3380D2F725D05F4200C10913 /* Sources */,
				3380D2F825D05F4200C10913 /* Frameworks */,
				3380D2F925D05F4200C10913 /* Resources */,
			);
			buildRules = (
			);
			dependencies = (
			);
			name = YabaiUI;
			packageProductDependencies = (
				3380D31B25D06E1500C10913 /* ComposableArchitecture */,
				3315223E25D5786C00C8E46A /* SwiftShell */,
			);
			productName = YabaiUI;
			productReference = 3380D2FB25D05F4200C10913 /* YabaiUI.app */;
			productType = "com.apple.product-type.application";
		};
/* End PBXNativeTarget section */

/* Begin PBXProject section */
		3380D2F325D05F4100C10913 /* Project object */ = {
			isa = PBXProject;
			attributes = {
				LastSwiftUpdateCheck = 1240;
				LastUpgradeCheck = 1240;
				TargetAttributes = {
					3380D2FA25D05F4200C10913 = {
						CreatedOnToolsVersion = 12.4;
					};
				};
			};
			buildConfigurationList = 3380D2F625D05F4100C10913 /* Build configuration list for PBXProject "YabaiUI" */;
			compatibilityVersion = "Xcode 9.3";
			developmentRegion = en;
			hasScannedForEncodings = 0;
			knownRegions = (
				en,
				Base,
			);
			mainGroup = 3380D2F225D05F4100C10913;
			packageReferences = (
				3380D31A25D06E1500C10913 /* XCRemoteSwiftPackageReference "swift-composable-architecture" */,
				3315223D25D5786C00C8E46A /* XCRemoteSwiftPackageReference "SwiftShell" */,
			);
			productRefGroup = 3380D2FC25D05F4200C10913 /* Products */;
			projectDirPath = "";
			projectRoot = "";
			targets = (
				3380D2FA25D05F4200C10913 /* YabaiUI */,
			);
		};
/* End PBXProject section */

/* Begin PBXResourcesBuildPhase section */
		3380D2F925D05F4200C10913 /* Resources */ = {
			isa = PBXResourcesBuildPhase;
			buildActionMask = 2147483647;
			files = (
				3380D30625D05F4200C10913 /* Preview Assets.xcassets in Resources */,
				3380D30325D05F4200C10913 /* Assets.xcassets in Resources */,
			);
			runOnlyForDeploymentPostprocessing = 0;
		};
/* End PBXResourcesBuildPhase section */

/* Begin PBXSourcesBuildPhase section */
		3380D2F725D05F4200C10913 /* Sources */ = {
			isa = PBXSourcesBuildPhase;
			buildActionMask = 2147483647;
			files = (
				3385DF6A25D6279200ACDE21 /* AboutView.swift in Sources */,
				3361CDF725D44AEC0086F6A7 /* URL+Extensions.swift in Sources */,
				33B62D2925D5E31400DD5934 /* Onboarding.swift in Sources */,
				3385DF6D25D628BF00ACDE21 /* SpaceSettingsView.swift in Sources */,
				33387D6525D3F64300E76D29 /* SpaceSettings.swift in Sources */,
				3380D2FF25D05F4200C10913 /* YabaiUIApp.swift in Sources */,
				3323C69225D7026D00D655DE /* GlobalSettings.swift in Sources */,
				3380D33725D0723000C10913 /* Root.swift in Sources */,
				33E5538D25DAB0D100241787 /* ConfigFileManager.swift in Sources */,
				335E481125DAAB3800CDE271 /* Settings.swift in Sources */,
				3385DF6725D6270B00ACDE21 /* SidebarView.swift in Sources */,
				339E3C6425DBF14500F8B9AA /* YabaiCommands.swift in Sources */,
				339D779A25DAECAE009F3934 /* Color+Extensions.swift in Sources */,
				3323C69525D7173D00D655DE /* GlobalSettingsView.swift in Sources */,
				339C453525D6ED0F0079ACA1 /* OnboardingView.swift in Sources */,
				3385DF7025D6361200ACDE21 /* AppleScript.swift in Sources */,
				339C453125D6ECCA0079ACA1 /* RootView.swift in Sources */,
			);
			runOnlyForDeploymentPostprocessing = 0;
		};
/* End PBXSourcesBuildPhase section */

/* Begin XCBuildConfiguration section */
		3380D30925D05F4200C10913 /* Debug */ = {
			isa = XCBuildConfiguration;
			buildSettings = {
				ALWAYS_SEARCH_USER_PATHS = NO;
				CLANG_ANALYZER_NONNULL = YES;
				CLANG_ANALYZER_NUMBER_OBJECT_CONVERSION = YES_AGGRESSIVE;
				CLANG_CXX_LANGUAGE_STANDARD = "gnu++14";
				CLANG_CXX_LIBRARY = "libc++";
				CLANG_ENABLE_MODULES = YES;
				CLANG_ENABLE_OBJC_ARC = YES;
				CLANG_ENABLE_OBJC_WEAK = YES;
				CLANG_WARN_BLOCK_CAPTURE_AUTORELEASING = YES;
				CLANG_WARN_BOOL_CONVERSION = YES;
				CLANG_WARN_COMMA = YES;
				CLANG_WARN_CONSTANT_CONVERSION = YES;
				CLANG_WARN_DEPRECATED_OBJC_IMPLEMENTATIONS = YES;
				CLANG_WARN_DIRECT_OBJC_ISA_USAGE = YES_ERROR;
				CLANG_WARN_DOCUMENTATION_COMMENTS = YES;
				CLANG_WARN_EMPTY_BODY = YES;
				CLANG_WARN_ENUM_CONVERSION = YES;
				CLANG_WARN_INFINITE_RECURSION = YES;
				CLANG_WARN_INT_CONVERSION = YES;
				CLANG_WARN_NON_LITERAL_NULL_CONVERSION = YES;
				CLANG_WARN_OBJC_IMPLICIT_RETAIN_SELF = YES;
				CLANG_WARN_OBJC_LITERAL_CONVERSION = YES;
				CLANG_WARN_OBJC_ROOT_CLASS = YES_ERROR;
				CLANG_WARN_QUOTED_INCLUDE_IN_FRAMEWORK_HEADER = YES;
				CLANG_WARN_RANGE_LOOP_ANALYSIS = YES;
				CLANG_WARN_STRICT_PROTOTYPES = YES;
				CLANG_WARN_SUSPICIOUS_MOVE = YES;
				CLANG_WARN_UNGUARDED_AVAILABILITY = YES_AGGRESSIVE;
				CLANG_WARN_UNREACHABLE_CODE = YES;
				CLANG_WARN__DUPLICATE_METHOD_MATCH = YES;
				COPY_PHASE_STRIP = NO;
				DEBUG_INFORMATION_FORMAT = dwarf;
				ENABLE_STRICT_OBJC_MSGSEND = YES;
				ENABLE_TESTABILITY = YES;
				GCC_C_LANGUAGE_STANDARD = gnu11;
				GCC_DYNAMIC_NO_PIC = NO;
				GCC_NO_COMMON_BLOCKS = YES;
				GCC_OPTIMIZATION_LEVEL = 0;
				GCC_PREPROCESSOR_DEFINITIONS = (
					"DEBUG=1",
					"$(inherited)",
				);
				GCC_WARN_64_TO_32_BIT_CONVERSION = YES;
				GCC_WARN_ABOUT_RETURN_TYPE = YES_ERROR;
				GCC_WARN_UNDECLARED_SELECTOR = YES;
				GCC_WARN_UNINITIALIZED_AUTOS = YES_AGGRESSIVE;
				GCC_WARN_UNUSED_FUNCTION = YES;
				GCC_WARN_UNUSED_VARIABLE = YES;
				MACOSX_DEPLOYMENT_TARGET = 11.1;
				MTL_ENABLE_DEBUG_INFO = INCLUDE_SOURCE;
				MTL_FAST_MATH = YES;
				ONLY_ACTIVE_ARCH = YES;
				SDKROOT = macosx;
				SWIFT_ACTIVE_COMPILATION_CONDITIONS = DEBUG;
				SWIFT_OPTIMIZATION_LEVEL = "-Onone";
			};
			name = Debug;
		};
		3380D30A25D05F4200C10913 /* Release */ = {
			isa = XCBuildConfiguration;
			buildSettings = {
				ALWAYS_SEARCH_USER_PATHS = NO;
				CLANG_ANALYZER_NONNULL = YES;
				CLANG_ANALYZER_NUMBER_OBJECT_CONVERSION = YES_AGGRESSIVE;
				CLANG_CXX_LANGUAGE_STANDARD = "gnu++14";
				CLANG_CXX_LIBRARY = "libc++";
				CLANG_ENABLE_MODULES = YES;
				CLANG_ENABLE_OBJC_ARC = YES;
				CLANG_ENABLE_OBJC_WEAK = YES;
				CLANG_WARN_BLOCK_CAPTURE_AUTORELEASING = YES;
				CLANG_WARN_BOOL_CONVERSION = YES;
				CLANG_WARN_COMMA = YES;
				CLANG_WARN_CONSTANT_CONVERSION = YES;
				CLANG_WARN_DEPRECATED_OBJC_IMPLEMENTATIONS = YES;
				CLANG_WARN_DIRECT_OBJC_ISA_USAGE = YES_ERROR;
				CLANG_WARN_DOCUMENTATION_COMMENTS = YES;
				CLANG_WARN_EMPTY_BODY = YES;
				CLANG_WARN_ENUM_CONVERSION = YES;
				CLANG_WARN_INFINITE_RECURSION = YES;
				CLANG_WARN_INT_CONVERSION = YES;
				CLANG_WARN_NON_LITERAL_NULL_CONVERSION = YES;
				CLANG_WARN_OBJC_IMPLICIT_RETAIN_SELF = YES;
				CLANG_WARN_OBJC_LITERAL_CONVERSION = YES;
				CLANG_WARN_OBJC_ROOT_CLASS = YES_ERROR;
				CLANG_WARN_QUOTED_INCLUDE_IN_FRAMEWORK_HEADER = YES;
				CLANG_WARN_RANGE_LOOP_ANALYSIS = YES;
				CLANG_WARN_STRICT_PROTOTYPES = YES;
				CLANG_WARN_SUSPICIOUS_MOVE = YES;
				CLANG_WARN_UNGUARDED_AVAILABILITY = YES_AGGRESSIVE;
				CLANG_WARN_UNREACHABLE_CODE = YES;
				CLANG_WARN__DUPLICATE_METHOD_MATCH = YES;
				COPY_PHASE_STRIP = NO;
				DEBUG_INFORMATION_FORMAT = "dwarf-with-dsym";
				ENABLE_NS_ASSERTIONS = NO;
				ENABLE_STRICT_OBJC_MSGSEND = YES;
				GCC_C_LANGUAGE_STANDARD = gnu11;
				GCC_NO_COMMON_BLOCKS = YES;
				GCC_WARN_64_TO_32_BIT_CONVERSION = YES;
				GCC_WARN_ABOUT_RETURN_TYPE = YES_ERROR;
				GCC_WARN_UNDECLARED_SELECTOR = YES;
				GCC_WARN_UNINITIALIZED_AUTOS = YES_AGGRESSIVE;
				GCC_WARN_UNUSED_FUNCTION = YES;
				GCC_WARN_UNUSED_VARIABLE = YES;
				MACOSX_DEPLOYMENT_TARGET = 11.1;
				MTL_ENABLE_DEBUG_INFO = NO;
				MTL_FAST_MATH = YES;
				SDKROOT = macosx;
				SWIFT_COMPILATION_MODE = wholemodule;
				SWIFT_OPTIMIZATION_LEVEL = "-O";
			};
			name = Release;
		};
		3380D30C25D05F4200C10913 /* Debug */ = {
			isa = XCBuildConfiguration;
			buildSettings = {
				ASSETCATALOG_COMPILER_APPICON_NAME = AppIcon;
				ASSETCATALOG_COMPILER_GLOBAL_ACCENT_COLOR_NAME = AccentColor;
				CODE_SIGN_ENTITLEMENTS = YabaiUI/YabaiUI.entitlements;
				CODE_SIGN_STYLE = Automatic;
				COMBINE_HIDPI_IMAGES = YES;
				DEVELOPMENT_ASSET_PATHS = "\"YabaiUI/Preview Content\"";
				DEVELOPMENT_TEAM = W6LQK45783;
				ENABLE_HARDENED_RUNTIME = YES;
				ENABLE_PREVIEWS = YES;
				INFOPLIST_FILE = YabaiUI/Info.plist;
				LD_RUNPATH_SEARCH_PATHS = (
					"$(inherited)",
					"@executable_path/../Frameworks",
				);
				MACOSX_DEPLOYMENT_TARGET = 11.0;
				PRODUCT_BUNDLE_IDENTIFIER = com.kswift.YabaiUI;
				PRODUCT_NAME = "$(TARGET_NAME)";
				SWIFT_VERSION = 5.0;
			};
			name = Debug;
		};
		3380D30D25D05F4200C10913 /* Release */ = {
			isa = XCBuildConfiguration;
			buildSettings = {
				ASSETCATALOG_COMPILER_APPICON_NAME = AppIcon;
				ASSETCATALOG_COMPILER_GLOBAL_ACCENT_COLOR_NAME = AccentColor;
				CODE_SIGN_ENTITLEMENTS = YabaiUI/YabaiUI.entitlements;
				CODE_SIGN_STYLE = Automatic;
				COMBINE_HIDPI_IMAGES = YES;
				DEVELOPMENT_ASSET_PATHS = "\"YabaiUI/Preview Content\"";
				DEVELOPMENT_TEAM = W6LQK45783;
				ENABLE_HARDENED_RUNTIME = YES;
				ENABLE_PREVIEWS = YES;
				INFOPLIST_FILE = YabaiUI/Info.plist;
				LD_RUNPATH_SEARCH_PATHS = (
					"$(inherited)",
					"@executable_path/../Frameworks",
				);
				MACOSX_DEPLOYMENT_TARGET = 11.0;
				PRODUCT_BUNDLE_IDENTIFIER = com.kswift.YabaiUI;
				PRODUCT_NAME = "$(TARGET_NAME)";
				SWIFT_VERSION = 5.0;
			};
			name = Release;
		};
/* End XCBuildConfiguration section */

/* Begin XCConfigurationList section */
		3380D2F625D05F4100C10913 /* Build configuration list for PBXProject "YabaiUI" */ = {
			isa = XCConfigurationList;
			buildConfigurations = (
				3380D30925D05F4200C10913 /* Debug */,
				3380D30A25D05F4200C10913 /* Release */,
			);
			defaultConfigurationIsVisible = 0;
			defaultConfigurationName = Release;
		};
		3380D30B25D05F4200C10913 /* Build configuration list for PBXNativeTarget "YabaiUI" */ = {
			isa = XCConfigurationList;
			buildConfigurations = (
				3380D30C25D05F4200C10913 /* Debug */,
				3380D30D25D05F4200C10913 /* Release */,
			);
			defaultConfigurationIsVisible = 0;
			defaultConfigurationName = Release;
		};
/* End XCConfigurationList section */

/* Begin XCRemoteSwiftPackageReference section */
		3315223D25D5786C00C8E46A /* XCRemoteSwiftPackageReference "SwiftShell" */ = {
			isa = XCRemoteSwiftPackageReference;
			repositoryURL = "https://github.com/kareman/SwiftShell";
			requirement = {
				kind = upToNextMajorVersion;
				minimumVersion = 5.1.0;
			};
		};
		3380D31A25D06E1500C10913 /* XCRemoteSwiftPackageReference "swift-composable-architecture" */ = {
			isa = XCRemoteSwiftPackageReference;
			repositoryURL = "https://github.com/pointfreeco/swift-composable-architecture";
			requirement = {
				kind = upToNextMajorVersion;
				minimumVersion = 0.14.0;
			};
		};
/* End XCRemoteSwiftPackageReference section */

/* Begin XCSwiftPackageProductDependency section */
		3315223E25D5786C00C8E46A /* SwiftShell */ = {
			isa = XCSwiftPackageProductDependency;
			package = 3315223D25D5786C00C8E46A /* XCRemoteSwiftPackageReference "SwiftShell" */;
			productName = SwiftShell;
		};
		3380D31B25D06E1500C10913 /* ComposableArchitecture */ = {
			isa = XCSwiftPackageProductDependency;
			package = 3380D31A25D06E1500C10913 /* XCRemoteSwiftPackageReference "swift-composable-architecture" */;
			productName = ComposableArchitecture;
		};
/* End XCSwiftPackageProductDependency section */
	};
	rootObject = 3380D2F325D05F4100C10913 /* Project object */;
}
